
Microsoft Visual Studio Solution File, Format Version 12.00
# Visual Studio Version 16
VisualStudioVersion = 16.0.808.5
MinimumVisualStudioVersion = 10.0.40219.1
Project("{FAE04EC0-301F-11D3-BF4B-00C04F79EFBC}") = "RandomGen1", "RandomGen1\RandomGen1.csproj", "{AF3FEFE4-4F43-4B24-A878-D8F488140C6F}"
EndProject
Global
	GlobalSection(SolutionConfigurationPlatforms) = preSolution
		Debug|Any CPU = Debug|Any CPU
		Release|Any CPU = Release|Any CPU
	EndGlobalSection
	GlobalSection(ProjectConfigurationPlatforms) = postSolution
		{AF3FEFE4-4F43-4B24-A878-D8F488140C6F}.Debug|Any CPU.ActiveCfg = Debug|Any CPU
		{AF3FEFE4-4F43-4B24-A878-D8F488140C6F}.Debug|Any CPU.Build.0 = Debug|Any CPU
		{AF3FEFE4-4F43-4B24-A878-D8F488140C6F}.Release|Any CPU.ActiveCfg = Release|Any CPU
		{AF3FEFE4-4F43-4B24-A878-D8F488140C6F}.Release|Any CPU.Build.0 = Release|Any CPU
	EndGlobalSection
	GlobalSection(SolutionProperties) = preSolution
		HideSolutionNode = FALSE
	EndGlobalSection
	GlobalSection(ExtensibilityGlobals) = postSolution
		SolutionGuid = {2219CEDA-9055-464A-A0A9-F78C7AE43A6D}
	EndGlobalSection
EndGlobal
